
Microsoft Visual Studio Solution File, Format Version 12.00
# Visual Studio Version 16
VisualStudioVersion = 16.0.29709.97
MinimumVisualStudioVersion = 10.0.40219.1
Project("{FAE04EC0-301F-11D3-BF4B-00C04F79EFBC}") = "eProdaja", "eProdaja\eProdaja.csproj", "{1C889CCE-AA41-4402-904F-60B3677C9E84}"
EndProject
Project("{FAE04EC0-301F-11D3-BF4B-00C04F79EFBC}") = "eProdaja.Model", "eProdaja.Model\eProdaja.Model.csproj", "{89D94F8B-6908-4A87-8E64-A12A40F01521}"
EndProject
Global
	GlobalSection(SolutionConfigurationPlatforms) = preSolution
		Debug|Any CPU = Debug|Any CPU
		Release|Any CPU = Release|Any CPU
	EndGlobalSection
	GlobalSection(ProjectConfigurationPlatforms) = postSolution
		{1C889CCE-AA41-4402-904F-60B3677C9E84}.Debug|Any CPU.ActiveCfg = Debug|Any CPU
		{1C889CCE-AA41-4402-904F-60B3677C9E84}.Debug|Any CPU.Build.0 = Debug|Any CPU
		{1C889CCE-AA41-4402-904F-60B3677C9E84}.Release|Any CPU.ActiveCfg = Release|Any CPU
		{1C889CCE-AA41-4402-904F-60B3677C9E84}.Release|Any CPU.Build.0 = Release|Any CPU
		{89D94F8B-6908-4A87-8E64-A12A40F01521}.Debug|Any CPU.ActiveCfg = Debug|Any CPU
		{89D94F8B-6908-4A87-8E64-A12A40F01521}.Debug|Any CPU.Build.0 = Debug|Any CPU
		{89D94F8B-6908-4A87-8E64-A12A40F01521}.Release|Any CPU.ActiveCfg = Release|Any CPU
		{89D94F8B-6908-4A87-8E64-A12A40F01521}.Release|Any CPU.Build.0 = Release|Any CPU
	EndGlobalSection
	GlobalSection(SolutionProperties) = preSolution
		HideSolutionNode = FALSE
	EndGlobalSection
	GlobalSection(ExtensibilityGlobals) = postSolution
		SolutionGuid = {D37A1B73-FB60-4510-87EB-7B0B48568DB3}
	EndGlobalSection
EndGlobal
